<?xml version="1.0" encoding="utf-8"?>
<Project ToolsVersion="4.0" xmlns="http://schemas.microsoft.com/developer/msbuild/2003">
  <ItemGroup>
    <ClCompile Include="debug.cpp">
      <Filter>Source Files</Filter>
    </ClCompile>
    <ClCompile Include="getopt.cpp">
      <Filter>Source Files</Filter>
    </ClCompile>
    <ClCompile Include="graphics.cpp">
      <Filter>Source Files</Filter>
    </ClCompile>
    <ClCompile Include="interp.cpp">
      <Filter>Source Files</Filter>
    </ClCompile>
    <ClCompile Include="rgbcolor.cpp">
      <Filter>Source Files</Filter>
    </ClCompile>
    <ClCompile Include="main.cpp">
      <Filter>Source Files</Filter>
    </ClCompile>
    <ClCompile Include="testClient.cpp">
      <Filter>Source Files</Filter>
    </ClCompile>
    <ClCompile Include="shape.cpp">
      <Filter>Source Files</Filter>
    </ClCompile>
    <ClCompile Include="util.cpp">
      <Filter>Source Files</Filter>
    </ClCompile>
  </ItemGroup>
  <ItemGroup>
    <ClInclude Include="..\CMPS109\ASG5\config.h">
      <Filter>Header Files</Filter>
    </ClInclude>
    <ClInclude Include="debug.h">
      <Filter>Header Files</Filter>
    </ClInclude>
    <ClInclude Include="..\..\..\Downloads\getopt_mb_uni_vc6 (1)\getopt_mb_uni_vc6\getopt_mb_uni_vc6_dll\getopt.h">
      <Filter>Header Files</Filter>
    </ClInclude>
    <ClInclude Include="interp.h">
      <Filter>Header Files</Filter>
    </ClInclude>
    <ClInclude Include="shape.h">
      <Filter>Header Files</Filter>
    </ClInclude>
    <ClInclude Include="rgbcolor.h">
      <Filter>Header Files</Filter>
    </ClInclude>
    <ClInclude Include="..\CMPS109\ASG5\unistd.h">
      <Filter>Header Files</Filter>
    </ClInclude>
    <ClInclude Include="util.h">
      <Filter>Header Files</Filter>
    </ClInclude>
    <ClInclude Include="graphics.h">
      <Filter>Header Files</Filter>
    </ClInclude>
  </ItemGroup>
  <ItemGroup>
    <None Include="colors.cppgen" />
    <None Include="gdraw" />
    <None Include="HEADER.html" />
    <None Include="Listing.colors.cppgen.pdf" />
    <None Include="Listing.colors.cppgen.ps" />
    <None Include="Listing.pdf" />
    <None Include="Listing.ps" />
    <None Include="Listing.rgb.txt.pdf" />
    <None Include="Listing.rgb.txt.ps" />
    <None Include="Makefile" />
    <None Include="Makefile.dep" />
    <None Include="mk-colors.perl" />
    <None Include="packages.config" />
    <None Include="util.tcc">
      <Filter>Source Files</Filter>
    </None>
  </ItemGroup>
  <ItemGroup>
    <Filter Include="Header Files">
      <UniqueIdentifier>{e8544fa3-0bdc-41e0-a555-5869aa1df993}</UniqueIdentifier>
    </Filter>
    <Filter Include="Source Files">
      <UniqueIdentifier>{708c0c10-2fcf-4ab8-b636-4ddcffbb08b7}</UniqueIdentifier>
    </Filter>
  </ItemGroup>
</Project>